
Microsoft Visual Studio Solution File, Format Version 12.00
# Visual Studio 15
VisualStudioVersion = 15.0.26403.3
MinimumVisualStudioVersion = 10.0.40219.1
Project("{FAE04EC0-301F-11D3-BF4B-00C04F79EFBC}") = "PatternMaker", "PatternMaker\PatternMaker.csproj", "{A071EE53-FA0F-45F5-A05B-994335F7DF08}"
EndProject
Project("{FAE04EC0-301F-11D3-BF4B-00C04F79EFBC}") = "ControllerTests", "ControllerTests\ControllerTests.csproj", "{AAB8BA62-1FA0-4770-A667-0D6CE05E664D}"
EndProject
Global
	GlobalSection(SolutionConfigurationPlatforms) = preSolution
		Debug|Any CPU = Debug|Any CPU
		Release|Any CPU = Release|Any CPU
	EndGlobalSection
	GlobalSection(ProjectConfigurationPlatforms) = postSolution
		{A071EE53-FA0F-45F5-A05B-994335F7DF08}.Debug|Any CPU.ActiveCfg = Debug|Any CPU
		{A071EE53-FA0F-45F5-A05B-994335F7DF08}.Debug|Any CPU.Build.0 = Debug|Any CPU
		{A071EE53-FA0F-45F5-A05B-994335F7DF08}.Release|Any CPU.ActiveCfg = Release|Any CPU
		{A071EE53-FA0F-45F5-A05B-994335F7DF08}.Release|Any CPU.Build.0 = Release|Any CPU
		{AAB8BA62-1FA0-4770-A667-0D6CE05E664D}.Debug|Any CPU.ActiveCfg = Debug|Any CPU
		{AAB8BA62-1FA0-4770-A667-0D6CE05E664D}.Debug|Any CPU.Build.0 = Debug|Any CPU
		{AAB8BA62-1FA0-4770-A667-0D6CE05E664D}.Release|Any CPU.ActiveCfg = Release|Any CPU
		{AAB8BA62-1FA0-4770-A667-0D6CE05E664D}.Release|Any CPU.Build.0 = Release|Any CPU
	EndGlobalSection
	GlobalSection(SolutionProperties) = preSolution
		HideSolutionNode = FALSE
	EndGlobalSection
EndGlobal
